<Solution>
  <Project Path="ejercicio 1/ejercicio 1.csproj" Id="9cf6c925-01bd-43f2-88eb-430b33e1aba0" />
  <Project Path="ejercicio 10/ejercicio 10.csproj" Id="9ea5db98-f370-4aa3-9b21-132ea488aee5" />
  <Project Path="ejercicio 11/ejercicio 11.csproj" Id="0c31dbf4-cb5d-4356-a1cd-8b6b88f7a622" />
  <Project Path="ejercicio 12/ejercicio 12.csproj" Id="6719b46f-0d2e-4ee5-9b9b-6eaf3ba6ddf1" />
  <Project Path="ejercicio 13/ejercicio 13.csproj" Id="535aa9ba-353a-4fc6-a971-092860b9b261" />
  <Project Path="ejercicio 14/ejercicio 14.csproj" Id="b1acd5a8-3d61-4f95-b7c3-5911f56c01ab" />
  <Project Path="ejercicio 15/ejercicio 15.csproj" Id="aa5318a2-e739-4a49-bcd1-52fdf76fe453" />
  <Project Path="ejercicio 16/ejercicio 16.csproj" Id="86c52110-2f85-4a8e-aff1-c26e6e1560e7" />
  <Project Path="ejercicio 17/ejercicio 17.csproj" Id="c6df004c-a331-4087-bcdc-a155b3d9e3a5" />
  <Project Path="ejercicio 18/ejercicio 18.csproj" Id="cc1e7dab-d328-460f-8fe3-642ed9e7d7e9" />
  <Project Path="ejercicio 19/ejercicio 19.csproj" Id="a81573d7-9c58-4bd3-b99a-336c09442542" />
  <Project Path="ejercicio 2/ejercicio 2.csproj" Id="d5ca5821-3fb0-4f7d-9ccc-f18a8d78c13a" />
  <Project Path="ejercicio 20/ejercicio 20.csproj" Id="f73a259f-8f04-4a1b-89e2-2459a5ed8915" />
  <Project Path="ejercicio 21/ejercicio 21.csproj" Id="f35fda26-48f7-4a24-bb8e-21c206ee4873" />
  <Project Path="ejercicio 22/ejercicio 22.csproj" Id="8f9e64e5-9a2b-4200-a858-dcf60bd7daf6" />
  <Project Path="ejercicio 23/ejercicio 23.csproj" Id="505c8987-8455-4b34-b2b1-8cd1879faa97" />
  <Project Path="ejercicio 24/ejercicio 24.csproj" Id="3957f148-e628-46a6-bb5e-09e44c3d66c2" />
  <Project Path="ejercicio 3/ejercicio 3.csproj" Id="fd01b74e-3b2b-440b-bea6-44a1529c08cc" />
  <Project Path="ejercicio 4/ejercicio 4.csproj" Id="f76babfb-ee0d-4cc6-b199-5fecedce43e2" />
  <Project Path="ejercicio 5/ejercicio 5.csproj" Id="a297dbde-3e76-4729-ba5f-9d919619b70e" />
  <Project Path="ejercicio 6/ejercicio 6.csproj" Id="463fbf9f-211c-4e5f-8c92-1b141ff40140" />
  <Project Path="ejercicio 7/ejercicio 7.csproj" Id="1e9872d1-a07a-4e7f-af3f-2b27c2731476" />
  <Project Path="ejercicio 8/ejercicio 8.csproj" Id="19fa0baa-5f82-40c2-9ac0-5c56a663f46f" />
  <Project Path="ejercicio 9/ejercicio 9.csproj" Id="bd459258-90b1-4bb6-a8b1-7effde3220b3" />
</Solution>
