<Solution>
  <Project Path="ejercicio 1/ejercicio 1.csproj" Id="9cf6c925-01bd-43f2-88eb-430b33e1aba0" />
  <Project Path="ejercicio 2/ejercicio 2.csproj" Id="d5ca5821-3fb0-4f7d-9ccc-f18a8d78c13a" />
  <Project Path="ejercicio 3/ejercicio 3.csproj" Id="fd01b74e-3b2b-440b-bea6-44a1529c08cc" />
  <Project Path="ejercicio 4/ejercicio 4.csproj" Id="f76babfb-ee0d-4cc6-b199-5fecedce43e2" />
  <Project Path="ejercicio 5/ejercicio 5.csproj" Id="a297dbde-3e76-4729-ba5f-9d919619b70e" />
  <Project Path="ejercicio 6/ejercicio 6.csproj" Id="463fbf9f-211c-4e5f-8c92-1b141ff40140" />
</Solution>
